Microsoft Visual Studio Solution File, Format Version 11.00
# Visual Studio 2008

Project("{747CBA13-7263-D224-7949-9D892A16B410}") = "Battlecados", "Assembly-CSharp.csproj", "{0E33949D-BCD1-7D02-4786-C8E24F916143}"
EndProject
Global
	GlobalSection(SolutionConfigurationPlatforms) = preSolution
		Debug|Any CPU = Debug|Any CPU
		Release|Any CPU = Release|Any CPU
	EndGlobalSection
	GlobalSection(ProjectConfigurationPlatforms) = postSolution
		{0E33949D-BCD1-7D02-4786-C8E24F916143}.Debug|Any CPU.ActiveCfg = Debug|Any CPU
		{0E33949D-BCD1-7D02-4786-C8E24F916143}.Debug|Any CPU.Build.0 = Debug|Any CPU
		{0E33949D-BCD1-7D02-4786-C8E24F916143}.Release|Any CPU.ActiveCfg = Release|Any CPU
		{0E33949D-BCD1-7D02-4786-C8E24F916143}.Release|Any CPU.Build.0 = Release|Any CPU
	EndGlobalSection
	GlobalSection(SolutionProperties) = preSolution
		HideSolutionNode = FALSE
	EndGlobalSection
	GlobalSection(MonoDevelopProperties) = preSolution
		StartupItem = Assembly-CSharp.csproj
	EndGlobalSection
EndGlobal
